{
  "version": 4,
  "terraform_version": "1.7.1",
  "serial": 3,
  "lineage": "220d662d-8fa5-67c5-01c9-50f2b5045ae8",
  "outputs": {
    "tasks_db_document_api_endpoint": {
      "value": "https://docapi.serverless.yandexcloud.net/ru-central1/b1g07pali5s6aacfs053/etngcq1o57etdur1gaoj",
      "type": "string"
    },
    "tasks_db_path": {
      "value": "/ru-central1/b1g07pali5s6aacfs053/etngcq1o57etdur1gaoj",
      "type": "string"
    }
  },
  "resources": [
    {
      "mode": "managed",
      "type": "yandex_ydb_database_serverless",
      "name": "tasks_db",
      "provider": "provider[\"registry.terraform.io/yandex-cloud/yandex\"]",
      "instances": [
        {
          "schema_version": 0,
          "attributes": {
            "created_at": "2024-05-08T16:55:20Z",
            "database_path": "/ru-central1/b1g07pali5s6aacfs053/etngcq1o57etdur1gaoj",
            "deletion_protection": false,
            "description": "",
            "document_api_endpoint": "https://docapi.serverless.yandexcloud.net/ru-central1/b1g07pali5s6aacfs053/etngcq1o57etdur1gaoj",
            "folder_id": "b1go4evv1fg059veqg2s",
            "id": "etngcq1o57etdur1gaoj",
            "labels": null,
            "location_id": "ru-central1",
            "name": "tasks-db",
            "serverless_database": [
              {
                "enable_throttling_rcu_limit": false,
                "provisioned_rcu_limit": 0,
                "storage_size_limit": 50,
                "throttling_rcu_limit": 0
              }
            ],
            "sleep_after": 0,
            "status": "RUNNING",
            "timeouts": null,
            "tls_enabled": true,
            "ydb_api_endpoint": "ydb.serverless.yandexcloud.net:2135",
            "ydb_full_endpoint": "grpcs://ydb.serverless.yandexcloud.net:2135/?database=/ru-central1/b1g07pali5s6aacfs053/etngcq1o57etdur1gaoj"
          },
          "sensitive_attributes": [],
          "private": "eyJlMmJmYjczMC1lY2FhLTExZTYtOGY4OC0zNDM2M2JjN2M0YzAiOnsiY3JlYXRlIjo2MDAwMDAwMDAwMDAsImRlZmF1bHQiOjYwMDAwMDAwMDAwMCwiZGVsZXRlIjo2MDAwMDAwMDAwMDAsInJlYWQiOjYwMDAwMDAwMDAwMCwidXBkYXRlIjo2MDAwMDAwMDAwMDB9fQ=="
        }
      ]
    }
  ],
  "check_results": null
}
